
Microsoft Visual Studio Solution File, Format Version 12.00
Project("{FAE04EC0-301F-11D3-BF4B-00C04F79EFBC}") = "HeadphoneControl", "HeadphoneControl\HeadphoneControl.csproj", "{F6F7C374-98CD-495E-B957-76132EEBC06E}"
EndProject
Project("{FAE04EC0-301F-11D3-BF4B-00C04F79EFBC}") = "HeadphoneControlLib", "HeadphoneControlLib\HeadphoneControlLib.csproj", "{816A36DF-6587-49C6-B15D-A1354367A53B}"
EndProject
Project("{FAE04EC0-301F-11D3-BF4B-00C04F79EFBC}") = "HeadphoneControlConsole", "HeadphoneControlConsole\HeadphoneControlConsole.csproj", "{A97FE84B-E1AF-4CAD-9501-A39C692FA312}"
EndProject
Global
	GlobalSection(SolutionConfigurationPlatforms) = preSolution
		Debug|Any CPU = Debug|Any CPU
		Release|Any CPU = Release|Any CPU
	EndGlobalSection
	GlobalSection(ProjectConfigurationPlatforms) = postSolution
		{F6F7C374-98CD-495E-B957-76132EEBC06E}.Release|Any CPU.ActiveCfg = Release|Any CPU
		{F6F7C374-98CD-495E-B957-76132EEBC06E}.Release|Any CPU.Build.0 = Release|Any CPU
		{816A36DF-6587-49C6-B15D-A1354367A53B}.Debug|Any CPU.ActiveCfg = Debug|Any CPU
		{816A36DF-6587-49C6-B15D-A1354367A53B}.Debug|Any CPU.Build.0 = Debug|Any CPU
		{816A36DF-6587-49C6-B15D-A1354367A53B}.Release|Any CPU.ActiveCfg = Release|Any CPU
		{816A36DF-6587-49C6-B15D-A1354367A53B}.Release|Any CPU.Build.0 = Release|Any CPU
		{A97FE84B-E1AF-4CAD-9501-A39C692FA312}.Debug|Any CPU.ActiveCfg = Debug|Any CPU
		{A97FE84B-E1AF-4CAD-9501-A39C692FA312}.Debug|Any CPU.Build.0 = Debug|Any CPU
		{A97FE84B-E1AF-4CAD-9501-A39C692FA312}.Release|Any CPU.ActiveCfg = Debug|Any CPU
		{A97FE84B-E1AF-4CAD-9501-A39C692FA312}.Release|Any CPU.Build.0 = Debug|Any CPU
	EndGlobalSection
EndGlobal
